
Microsoft Visual Studio Solution File, Format Version 12.00
# Visual Studio Version 17
VisualStudioVersion = 17.10.35122.118
MinimumVisualStudioVersion = 10.0.40219.1
Project("{9A19103F-16F7-4668-BE54-9A1E7A4F7556}") = "CSharp", "CSharp\CSharp.csproj", "{54B1F220-BBA8-49E4-AED6-457830405A41}"
EndProject
Project("{9A19103F-16F7-4668-BE54-9A1E7A4F7556}") = "LeetCode", "LeetCode\LeetCode.csproj", "{F14B00AD-B5A0-4A37-80E5-FAF298A0131A}"
EndProject
Project("{9A19103F-16F7-4668-BE54-9A1E7A4F7556}") = "Redis", "Redis\Redis.csproj", "{A64F9F46-647D-4298-B37E-0D6D718C51D9}"
EndProject
Project("{FAE04EC0-301F-11D3-BF4B-00C04F79EFBC}") = "DSA", "DSA\DSA.csproj", "{2535FD57-A3FB-4C82-934F-518D2B04001F}"
EndProject
Global
	GlobalSection(SolutionConfigurationPlatforms) = preSolution
		Debug|Any CPU = Debug|Any CPU
		Release|Any CPU = Release|Any CPU
	EndGlobalSection
	GlobalSection(ProjectConfigurationPlatforms) = postSolution
		{54B1F220-BBA8-49E4-AED6-457830405A41}.Debug|Any CPU.ActiveCfg = Debug|Any CPU
		{54B1F220-BBA8-49E4-AED6-457830405A41}.Debug|Any CPU.Build.0 = Debug|Any CPU
		{54B1F220-BBA8-49E4-AED6-457830405A41}.Release|Any CPU.ActiveCfg = Release|Any CPU
		{54B1F220-BBA8-49E4-AED6-457830405A41}.Release|Any CPU.Build.0 = Release|Any CPU
		{F14B00AD-B5A0-4A37-80E5-FAF298A0131A}.Debug|Any CPU.ActiveCfg = Debug|Any CPU
		{F14B00AD-B5A0-4A37-80E5-FAF298A0131A}.Debug|Any CPU.Build.0 = Debug|Any CPU
		{F14B00AD-B5A0-4A37-80E5-FAF298A0131A}.Release|Any CPU.ActiveCfg = Release|Any CPU
		{F14B00AD-B5A0-4A37-80E5-FAF298A0131A}.Release|Any CPU.Build.0 = Release|Any CPU
		{A64F9F46-647D-4298-B37E-0D6D718C51D9}.Debug|Any CPU.ActiveCfg = Debug|Any CPU
		{A64F9F46-647D-4298-B37E-0D6D718C51D9}.Debug|Any CPU.Build.0 = Debug|Any CPU
		{A64F9F46-647D-4298-B37E-0D6D718C51D9}.Release|Any CPU.ActiveCfg = Release|Any CPU
		{A64F9F46-647D-4298-B37E-0D6D718C51D9}.Release|Any CPU.Build.0 = Release|Any CPU
		{2535FD57-A3FB-4C82-934F-518D2B04001F}.Debug|Any CPU.ActiveCfg = Debug|Any CPU
		{2535FD57-A3FB-4C82-934F-518D2B04001F}.Debug|Any CPU.Build.0 = Debug|Any CPU
		{2535FD57-A3FB-4C82-934F-518D2B04001F}.Release|Any CPU.ActiveCfg = Release|Any CPU
		{2535FD57-A3FB-4C82-934F-518D2B04001F}.Release|Any CPU.Build.0 = Release|Any CPU
	EndGlobalSection
	GlobalSection(SolutionProperties) = preSolution
		HideSolutionNode = FALSE
	EndGlobalSection
	GlobalSection(ExtensibilityGlobals) = postSolution
		SolutionGuid = {B3733E0B-A447-4A67-B3BE-90226A21FBEC}
	EndGlobalSection
EndGlobal
